# THIS IS AN AUTOGENERATED FILE. DO NOT EDIT THIS FILE DIRECTLY.
# yarn lockfile v1


"@tsconfig/node10@^1.0.7":
  version "1.0.8"
  resolved "https://registry.nlark.com/@tsconfig/node10/download/@tsconfig/node10-1.0.8.tgz?cache=0&sync_timestamp=1623230092238&other_urls=https%3A%2F%2Fregistry.nlark.com%2F%40tsconfig%2Fnode10%2Fdownload%2F%40tsconfig%2Fnode10-1.0.8.tgz#c1e4e80d6f964fbecb3359c43bd48b40f7cadad9"
  integrity sha1-weToDW+WT77LM1nEO9SLQPfK2tk=

"@tsconfig/node12@^1.0.7":
  version "1.0.9"
  resolved "https://registry.nlark.com/@tsconfig/node12/download/@tsconfig/node12-1.0.9.tgz?cache=0&sync_timestamp=1624076106869&other_urls=https%3A%2F%2Fregistry.nlark.com%2F%40tsconfig%2Fnode12%2Fdownload%2F%40tsconfig%2Fnode12-1.0.9.tgz#62c1f6dee2ebd9aead80dc3afa56810e58e1a04c"
  integrity sha1-YsH23uLr2a6tgNw6+laBDljhoEw=

"@tsconfig/node14@^1.0.0":
  version "1.0.1"
  resolved "https://registry.nlark.com/@tsconfig/node14/download/@tsconfig/node14-1.0.1.tgz#95f2d167ffb9b8d2068b0b235302fafd4df711f2"
  integrity sha1-lfLRZ/+5uNIGiwsjUwL6/U33EfI=

"@tsconfig/node16@^1.0.1":
  version "1.0.1"
  resolved "https://registry.nlark.com/@tsconfig/node16/download/@tsconfig/node16-1.0.1.tgz#a6ca6a9a0ff366af433f42f5f0e124794ff6b8f1"
  integrity sha1-pspqmg/zZq9DP0L18OEkeU/2uPE=

"@types/node@*":
  version "15.12.5"
  resolved "https://registry.nlark.com/@types/node/download/@types/node-15.12.5.tgz#9a78318a45d75c9523d2396131bd3cca54b2d185"
  integrity sha1-mngxikXXXJUj0jlhMb08ylSy0YU=

"@types/ssh2-streams@*":
  version "0.1.8"
  resolved "https://registry.nlark.com/@types/ssh2-streams/download/@types/ssh2-streams-0.1.8.tgz?cache=0&sync_timestamp=1621244448795&other_urls=https%3A%2F%2Fregistry.nlark.com%2F%40types%2Fssh2-streams%2Fdownload%2F%40types%2Fssh2-streams-0.1.8.tgz#142af404dae059931aea7fcd1511b5478964feb6"
  integrity sha1-FCr0BNrgWZMa6n/NFRG1R4lk/rY=
  dependencies:
    "@types/node" "*"

"@types/ssh2@^0.5.46":
  version "0.5.46"
  resolved "https://registry.nlark.com/@types/ssh2/download/@types/ssh2-0.5.46.tgz?cache=0&sync_timestamp=1621244447616&other_urls=https%3A%2F%2Fregistry.nlark.com%2F%40types%2Fssh2%2Fdownload%2F%40types%2Fssh2-0.5.46.tgz#e12341a242aea0e98ac2dec89e039bf421fd3584"
  integrity sha1-4SNBokKuoOmKwt7IngOb9CH9NYQ=
  dependencies:
    "@types/node" "*"
    "@types/ssh2-streams" "*"

arg@^4.1.0:
  version "4.1.3"
  resolved "https://registry.npm.taobao.org/arg/download/arg-4.1.3.tgz?cache=0&sync_timestamp=1605574972657&other_urls=https%3A%2F%2Fregistry.npm.taobao.org%2Farg%2Fdownload%2Farg-4.1.3.tgz#269fc7ad5b8e42cb63c896d5666017261c144089"
  integrity sha1-Jp/HrVuOQstjyJbVZmAXJhwUQIk=

asn1@^0.2.4:
  version "0.2.4"
  resolved "https://registry.npm.taobao.org/asn1/download/asn1-0.2.4.tgz#8d2475dfab553bb33e77b54e59e880bb8ce23136"
  integrity sha1-jSR136tVO7M+d7VOWeiAu4ziMTY=
  dependencies:
    safer-buffer "~2.1.0"

bcrypt-pbkdf@^1.0.2:
  version "1.0.2"
  resolved "https://registry.npm.taobao.org/bcrypt-pbkdf/download/bcrypt-pbkdf-1.0.2.tgz#a4301d389b6a43f9b67ff3ca11a3f6637e360e9e"
  integrity sha1-pDAdOJtqQ/m2f/PKEaP2Y342Dp4=
  dependencies:
    tweetnacl "^0.14.3"

buffer-from@^1.0.0:
  version "1.1.1"
  resolved "https://registry.nlark.com/buffer-from/download/buffer-from-1.1.1.tgz#32713bc028f75c02fdb710d7c7bcec1f2c6070ef"
  integrity sha1-MnE7wCj3XAL9txDXx7zsHyxgcO8=

cpu-features@0.0.2:
  version "0.0.2"
  resolved "https://registry.nlark.com/cpu-features/download/cpu-features-0.0.2.tgz#9f636156f1155fd04bdbaa028bb3c2fbef3cea7a"
  integrity sha1-n2NhVvEVX9BL26oCi7PC++886no=
  dependencies:
    nan "^2.14.1"

create-require@^1.1.0:
  version "1.1.1"
  resolved "https://registry.npm.taobao.org/create-require/download/create-require-1.1.1.tgz#c1d7e8f1e5f6cfc9ff65f9cd352d37348756c333"
  integrity sha1-wdfo8eX2z8n/ZfnNNS03NIdWwzM=

diff@^4.0.1:
  version "4.0.2"
  resolved "https://registry.nlark.com/diff/download/diff-4.0.2.tgz?cache=0&sync_timestamp=1622685824253&other_urls=https%3A%2F%2Fregistry.nlark.com%2Fdiff%2Fdownload%2Fdiff-4.0.2.tgz#60f3aecb89d5fae520c11aa19efc2bb982aade7d"
  integrity sha1-YPOuy4nV+uUgwRqhnvwruYKq3n0=

make-error@^1.1.1:
  version "1.3.6"
  resolved "https://registry.npm.taobao.org/make-error/download/make-error-1.3.6.tgz#2eb2e37ea9b67c4891f684a1394799af484cf7a2"
  integrity sha1-LrLjfqm2fEiR9oShOUeZr0hM96I=

nan@^2.14.1, nan@^2.14.2:
  version "2.14.2"
  resolved "https://registry.npm.taobao.org/nan/download/nan-2.14.2.tgz?cache=0&sync_timestamp=1602591684976&other_urls=https%3A%2F%2Fregistry.npm.taobao.org%2Fnan%2Fdownload%2Fnan-2.14.2.tgz#f5376400695168f4cc694ac9393d0c9585eeea19"
  integrity sha1-9TdkAGlRaPTMaUrJOT0MlYXu6hk=

safer-buffer@~2.1.0:
  version "2.1.2"
  resolved "https://registry.nlark.com/safer-buffer/download/safer-buffer-2.1.2.tgz#44fa161b0187b9549dd84bb91802f9bd8385cd6a"
  integrity sha1-RPoWGwGHuVSd2Eu5GAL5vYOFzWo=

source-map-support@^0.5.17:
  version "0.5.19"
  resolved "https://registry.nlark.com/source-map-support/download/source-map-support-0.5.19.tgz#a98b62f86dcaf4f67399648c085291ab9e8fed61"
  integrity sha1-qYti+G3K9PZzmWSMCFKRq56P7WE=
  dependencies:
    buffer-from "^1.0.0"
    source-map "^0.6.0"

source-map@^0.6.0:
  version "0.6.1"
  resolved "https://registry.nlark.com/source-map/download/source-map-0.6.1.tgz#74722af32e9614e9c287a8d0bbde48b5e2f1a263"
  integrity sha1-dHIq8y6WFOnCh6jQu95IteLxomM=

ssh2@^1.1.0:
  version "1.1.0"
  resolved "https://registry.nlark.com/ssh2/download/ssh2-1.1.0.tgz#43dd24930e15e317687f519d6b40270d9cd00d00"
  integrity sha1-Q90kkw4V4xdof1Gda0AnDZzQDQA=
  dependencies:
    asn1 "^0.2.4"
    bcrypt-pbkdf "^1.0.2"
  optionalDependencies:
    cpu-features "0.0.2"
    nan "^2.14.2"

ts-node@^10.0.0:
  version "10.0.0"
  resolved "https://registry.nlark.com/ts-node/download/ts-node-10.0.0.tgz#05f10b9a716b0b624129ad44f0ea05dac84ba3be"
  integrity sha1-BfELmnFrC2JBKa1E8OoF2shLo74=
  dependencies:
    "@tsconfig/node10" "^1.0.7"
    "@tsconfig/node12" "^1.0.7"
    "@tsconfig/node14" "^1.0.0"
    "@tsconfig/node16" "^1.0.1"
    arg "^4.1.0"
    create-require "^1.1.0"
    diff "^4.0.1"
    make-error "^1.1.1"
    source-map-support "^0.5.17"
    yn "3.1.1"

tweetnacl@^0.14.3:
  version "0.14.5"
  resolved "https://registry.npm.taobao.org/tweetnacl/download/tweetnacl-0.14.5.tgz?cache=0&sync_timestamp=1589682745749&other_urls=https%3A%2F%2Fregistry.npm.taobao.org%2Ftweetnacl%2Fdownload%2Ftweetnacl-0.14.5.tgz#5ae68177f192d4456269d108afa93ff8743f4f64"
  integrity sha1-WuaBd/GS1EViadEIr6k/+HQ/T2Q=

typescript@^4.3.4:
  version "4.3.4"
  resolved "https://registry.nlark.com/typescript/download/typescript-4.3.4.tgz#3f85b986945bcf31071decdd96cf8bfa65f9dcbc"
  integrity sha1-P4W5hpRbzzEHHezdls+L+mX53Lw=

yn@3.1.1:
  version "3.1.1"
  resolved "https://registry.npm.taobao.org/yn/download/yn-3.1.1.tgz#1e87401a09d767c1d5eab26a6e4c185182d2eb50"
  integrity sha1-HodAGgnXZ8HV6rJqbkwYUYLS61A=
